
Microsoft Visual Studio Solution File, Format Version 12.00
# Visual Studio Version 17
VisualStudioVersion = 17.8.34004.107
MinimumVisualStudioVersion = 10.0.40219.1
Project("{9A19103F-16F7-4668-BE54-9A1E7A4F7556}") = "RealEstateDapperAPI", "RealEstateDapperAPI\RealEstateDapperAPI.csproj", "{1ABFC4BC-3FF6-4589-BB29-AAC6592E2E2A}"
EndProject
Project("{9A19103F-16F7-4668-BE54-9A1E7A4F7556}") = "RealEstateDapperUI", "RealEstateDapperUI\RealEstateDapperUI.csproj", "{6E8D52AE-9EEF-4095-AF4E-6440F8A6264A}"
EndProject
Global
	GlobalSection(SolutionConfigurationPlatforms) = preSolution
		Debug|Any CPU = Debug|Any CPU
		Release|Any CPU = Release|Any CPU
	EndGlobalSection
	GlobalSection(ProjectConfigurationPlatforms) = postSolution
		{1ABFC4BC-3FF6-4589-BB29-AAC6592E2E2A}.Debug|Any CPU.ActiveCfg = Debug|Any CPU
		{1ABFC4BC-3FF6-4589-BB29-AAC6592E2E2A}.Debug|Any CPU.Build.0 = Debug|Any CPU
		{1ABFC4BC-3FF6-4589-BB29-AAC6592E2E2A}.Release|Any CPU.ActiveCfg = Release|Any CPU
		{1ABFC4BC-3FF6-4589-BB29-AAC6592E2E2A}.Release|Any CPU.Build.0 = Release|Any CPU
		{6E8D52AE-9EEF-4095-AF4E-6440F8A6264A}.Debug|Any CPU.ActiveCfg = Debug|Any CPU
		{6E8D52AE-9EEF-4095-AF4E-6440F8A6264A}.Debug|Any CPU.Build.0 = Debug|Any CPU
		{6E8D52AE-9EEF-4095-AF4E-6440F8A6264A}.Release|Any CPU.ActiveCfg = Release|Any CPU
		{6E8D52AE-9EEF-4095-AF4E-6440F8A6264A}.Release|Any CPU.Build.0 = Release|Any CPU
	EndGlobalSection
	GlobalSection(SolutionProperties) = preSolution
		HideSolutionNode = FALSE
	EndGlobalSection
	GlobalSection(ExtensibilityGlobals) = postSolution
		SolutionGuid = {9EFFEDA3-C701-43D3-AB2C-7F2DBF39C0F1}
	EndGlobalSection
EndGlobal
